{
  "name": "pack",
  "lockfileVersion": 3,
  "requires": true,
  "packages": {
    "": {
      "devDependencies": {
        "@minecraft/server": "^1.6.0-beta.1.20.30-stable",
        "@minecraft/server-admin": "^1.0.0-beta.1.20.30-stable",
        "@minecraft/server-gametest": "^1.0.0-beta.1.20.30-stable",
        "@minecraft/server-net": "^1.0.0-beta.1.20.30-stable",
        "@minecraft/server-ui": "^1.2.0-beta.1.20.30-stable"
      }
    },
    "node_modules/@minecraft/server": {
      "version": "1.6.0-beta.1.20.30-stable",
      "resolved": "https://registry.npmjs.org/@minecraft/server/-/server-1.6.0-beta.1.20.30-stable.tgz",
      "integrity": "sha512-hvRjxbI7cl7LVAv+wmw253O6IHFUVBEMvTl+FJLnUaQv9f/JkGBaVDKgyH0yR7G1SMgVLRoQIA5CM8IZWYDHew==",
      "dev": true
    },
    "node_modules/@minecraft/server-admin": {
      "version": "1.0.0-beta.1.20.30-stable",
      "resolved": "https://registry.npmjs.org/@minecraft/server-admin/-/server-admin-1.0.0-beta.1.20.30-stable.tgz",
      "integrity": "sha512-8kHB8g6psZWr4MCorwazCsNWhBajMqDQPAtKWlzASN0nCIa4HpwHJ0zc8lQl27TZyISGxLifpeoBbjKE7xGWWw==",
      "dev": true
    },
    "node_modules/@minecraft/server-gametest": {
      "version": "1.0.0-beta.1.20.30-stable",
      "resolved": "https://registry.npmjs.org/@minecraft/server-gametest/-/server-gametest-1.0.0-beta.1.20.30-stable.tgz",
      "integrity": "sha512-lZr+daZO3xFP8QwAUi3efs4JWgBY1hpLTzDJOT19940LhEdKd99CxlM52dmUNMoryRgsgfHnUKMIuEqsvggZ8w==",
      "dev": true,
      "dependencies": {
        "@minecraft/server": "^1.6.0-beta.1.20.30-stable"
      }
    },
    "node_modules/@minecraft/server-net": {
      "version": "1.0.0-beta.1.20.30-stable",
      "resolved": "https://registry.npmjs.org/@minecraft/server-net/-/server-net-1.0.0-beta.1.20.30-stable.tgz",
      "integrity": "sha512-qQ/3+2o0I2ozbSQBHoDT9nLPYeULQxTIyFM89yMBW5fqdmUnPnVotK+O91KURgJOE3P3VYfF0LNmJqFZz7Irfw==",
      "dev": true,
      "dependencies": {
        "@minecraft/server-admin": "^1.0.0-beta.1.20.30-stable"
      }
    },
    "node_modules/@minecraft/server-ui": {
      "version": "1.2.0-beta.1.20.30-stable",
      "resolved": "https://registry.npmjs.org/@minecraft/server-ui/-/server-ui-1.2.0-beta.1.20.30-stable.tgz",
      "integrity": "sha512-0Sk3qFwOmMpihk/q5LTlpi4TfsuM6I/3PbMz1ijM/3zFP49CgXu9ZyDAYT6gQAOtnBIaQBM0Y7BFVrwtxDoMYw==",
      "dev": true,
      "dependencies": {
        "@minecraft/server": "^1.6.0-beta.1.20.30-stable"
      }
    }
  }
}
